
Microsoft Visual Studio Solution File, Format Version 12.00
# Visual Studio 2012
Project("{2150E333-8FDC-42A3-9474-1A3956D46DE8}") = "SFEditor", "SFEditor", "{514F1046-B17A-47FE-94AE-DEB47946D9D3}"
EndProject
Project("{FAE04EC0-301F-11D3-BF4B-00C04F79EFBC}") = "SFWidget", "SFWidget\SFWidget.csproj", "{E325E707-DC6A-4227-9B4F-9A42703D39CD}"
EndProject
Project("{FAE04EC0-301F-11D3-BF4B-00C04F79EFBC}") = "Common", "SFEditor\Common\Common.csproj", "{1EA39B91-4F52-47DC-8B6F-B9E4EAE4ADE7}"
EndProject
Project("{2150E333-8FDC-42A3-9474-1A3956D46DE8}") = "ThirdParty", "ThirdParty", "{BD597EAF-725E-45B4-B867-A716EE571F58}"
EndProject
Project("{FAE04EC0-301F-11D3-BF4B-00C04F79EFBC}") = "XwtPlus.TextEditor", "ThirdParty\XwtPlus.TextEditor\XwtPlus.TextEditor\XwtPlus.TextEditor.csproj", "{FA8374B9-9E2A-40CE-9291-640419E64301}"
EndProject
Project("{2150E333-8FDC-42A3-9474-1A3956D46DE8}") = "Xwt", "Xwt", "{21CAD9C8-6364-4076-9F0A-A793CA2C58A5}"
EndProject
Project("{FAE04EC0-301F-11D3-BF4B-00C04F79EFBC}") = "Xwt", "ThirdParty\Xwt\Xwt\Xwt.csproj", "{92494904-35FA-4DC9-BDE9-3A3E87AC49D3}"
EndProject
Project("{FAE04EC0-301F-11D3-BF4B-00C04F79EFBC}") = "Xwt.Gtk", "ThirdParty\Xwt\Xwt.Gtk\Xwt.Gtk.csproj", "{C3887A93-B2BD-4097-8E2F-3A063EFF32FD}"
EndProject
Project("{FAE04EC0-301F-11D3-BF4B-00C04F79EFBC}") = "Xwt.Gtk.Windows", "ThirdParty\Xwt\Xwt.Gtk.Windows\Xwt.Gtk.Windows.csproj", "{252117CA-0ABB-4F36-BFC8-DE23A8089BB9}"
EndProject
Project("{FAE04EC0-301F-11D3-BF4B-00C04F79EFBC}") = "Xwt.Gtk.Mac", "ThirdParty\Xwt\Xwt.Gtk.Mac\Xwt.Gtk.Mac.csproj", "{E95833C9-90AA-4366-9262-0A1BED148249}"
EndProject
Project("{FAE04EC0-301F-11D3-BF4B-00C04F79EFBC}") = "Xwt.Gtk3", "ThirdParty\Xwt\Xwt.Gtk\Xwt.Gtk3.csproj", "{3B25FD1F-CEBA-4450-8893-DC330FDB56A7}"
EndProject
Project("{FAE04EC0-301F-11D3-BF4B-00C04F79EFBC}") = "Xwt.WPF", "ThirdParty\Xwt\Xwt.WPF\Xwt.WPF.csproj", "{C93D746E-1586-4D4F-B411-BF5A966E6A08}"
EndProject
Project("{FAE04EC0-301F-11D3-BF4B-00C04F79EFBC}") = "Xwt.Mac", "ThirdParty\Xwt\Xwt.Mac\Xwt.Mac.csproj", "{5F8E0511-7210-487F-90A1-EC3E74467617}"
EndProject
Project("{FAE04EC0-301F-11D3-BF4B-00C04F79EFBC}") = "Xwt.XamMac", "ThirdParty\Xwt\Xwt.XamMac\Xwt.XamMac.csproj", "{B7C1673E-5124-4BE5-8D21-EC8B12F85B6B}"
EndProject
Project("{FAE04EC0-301F-11D3-BF4B-00C04F79EFBC}") = "SFEditor.Linux.Gtk2", "SFEditor\SFEditor.Linux.Gtk2\SFEditor.Linux.Gtk2.csproj", "{4F4ABD91-F2A9-4768-9BF6-253BAEB7D2C8}"
EndProject
Project("{FAE04EC0-301F-11D3-BF4B-00C04F79EFBC}") = "SFEditor.Linux.Gtk3", "SFEditor\SFEditor.Linux.Gtk3\SFEditor.Linux.Gtk3.csproj", "{BE46E22C-AB16-4EAF-A16D-629CC982F96A}"
EndProject
Project("{FAE04EC0-301F-11D3-BF4B-00C04F79EFBC}") = "SFEditor.Windows", "SFEditor\SFEditor.Windows\SFEditor.Windows.csproj", "{34C7DF7B-81DC-4810-B433-FC575A1EFF73}"
EndProject
Global
	GlobalSection(SolutionConfigurationPlatforms) = preSolution
		Debug|Any CPU = Debug|Any CPU
		Release|Any CPU = Release|Any CPU
	EndGlobalSection
	GlobalSection(ProjectConfigurationPlatforms) = postSolution
		{1EA39B91-4F52-47DC-8B6F-B9E4EAE4ADE7}.Debug|Any CPU.ActiveCfg = Debug|Any CPU
		{1EA39B91-4F52-47DC-8B6F-B9E4EAE4ADE7}.Debug|Any CPU.Build.0 = Debug|Any CPU
		{1EA39B91-4F52-47DC-8B6F-B9E4EAE4ADE7}.Release|Any CPU.ActiveCfg = Release|Any CPU
		{1EA39B91-4F52-47DC-8B6F-B9E4EAE4ADE7}.Release|Any CPU.Build.0 = Release|Any CPU
		{252117CA-0ABB-4F36-BFC8-DE23A8089BB9}.Debug|Any CPU.ActiveCfg = Debug|Any CPU
		{252117CA-0ABB-4F36-BFC8-DE23A8089BB9}.Debug|Any CPU.Build.0 = Debug|Any CPU
		{252117CA-0ABB-4F36-BFC8-DE23A8089BB9}.Release|Any CPU.ActiveCfg = Release|Any CPU
		{252117CA-0ABB-4F36-BFC8-DE23A8089BB9}.Release|Any CPU.Build.0 = Release|Any CPU
		{34C7DF7B-81DC-4810-B433-FC575A1EFF73}.Debug|Any CPU.ActiveCfg = Debug|Any CPU
		{34C7DF7B-81DC-4810-B433-FC575A1EFF73}.Debug|Any CPU.Build.0 = Debug|Any CPU
		{34C7DF7B-81DC-4810-B433-FC575A1EFF73}.Release|Any CPU.ActiveCfg = Release|Any CPU
		{34C7DF7B-81DC-4810-B433-FC575A1EFF73}.Release|Any CPU.Build.0 = Release|Any CPU
		{3B25FD1F-CEBA-4450-8893-DC330FDB56A7}.Debug|Any CPU.ActiveCfg = Debug|Any CPU
		{3B25FD1F-CEBA-4450-8893-DC330FDB56A7}.Debug|Any CPU.Build.0 = Debug|Any CPU
		{3B25FD1F-CEBA-4450-8893-DC330FDB56A7}.Release|Any CPU.ActiveCfg = Release|Any CPU
		{3B25FD1F-CEBA-4450-8893-DC330FDB56A7}.Release|Any CPU.Build.0 = Release|Any CPU
		{4F4ABD91-F2A9-4768-9BF6-253BAEB7D2C8}.Debug|Any CPU.ActiveCfg = Debug|Any CPU
		{4F4ABD91-F2A9-4768-9BF6-253BAEB7D2C8}.Debug|Any CPU.Build.0 = Debug|Any CPU
		{4F4ABD91-F2A9-4768-9BF6-253BAEB7D2C8}.Release|Any CPU.ActiveCfg = Release|Any CPU
		{4F4ABD91-F2A9-4768-9BF6-253BAEB7D2C8}.Release|Any CPU.Build.0 = Release|Any CPU
		{5F8E0511-7210-487F-90A1-EC3E74467617}.Debug|Any CPU.ActiveCfg = Debug|Any CPU
		{5F8E0511-7210-487F-90A1-EC3E74467617}.Debug|Any CPU.Build.0 = Debug|Any CPU
		{5F8E0511-7210-487F-90A1-EC3E74467617}.Release|Any CPU.ActiveCfg = Release|Any CPU
		{5F8E0511-7210-487F-90A1-EC3E74467617}.Release|Any CPU.Build.0 = Release|Any CPU
		{92494904-35FA-4DC9-BDE9-3A3E87AC49D3}.Debug|Any CPU.ActiveCfg = Debug|Any CPU
		{92494904-35FA-4DC9-BDE9-3A3E87AC49D3}.Debug|Any CPU.Build.0 = Debug|Any CPU
		{92494904-35FA-4DC9-BDE9-3A3E87AC49D3}.Release|Any CPU.ActiveCfg = Release|Any CPU
		{92494904-35FA-4DC9-BDE9-3A3E87AC49D3}.Release|Any CPU.Build.0 = Release|Any CPU
		{B7C1673E-5124-4BE5-8D21-EC8B12F85B6B}.Debug|Any CPU.ActiveCfg = Debug|Any CPU
		{B7C1673E-5124-4BE5-8D21-EC8B12F85B6B}.Debug|Any CPU.Build.0 = Debug|Any CPU
		{B7C1673E-5124-4BE5-8D21-EC8B12F85B6B}.Release|Any CPU.ActiveCfg = Release|Any CPU
		{B7C1673E-5124-4BE5-8D21-EC8B12F85B6B}.Release|Any CPU.Build.0 = Release|Any CPU
		{BE46E22C-AB16-4EAF-A16D-629CC982F96A}.Debug|Any CPU.ActiveCfg = Debug|Any CPU
		{BE46E22C-AB16-4EAF-A16D-629CC982F96A}.Debug|Any CPU.Build.0 = Debug|Any CPU
		{BE46E22C-AB16-4EAF-A16D-629CC982F96A}.Release|Any CPU.ActiveCfg = Release|Any CPU
		{BE46E22C-AB16-4EAF-A16D-629CC982F96A}.Release|Any CPU.Build.0 = Release|Any CPU
		{C3887A93-B2BD-4097-8E2F-3A063EFF32FD}.Debug|Any CPU.ActiveCfg = Debug|Any CPU
		{C3887A93-B2BD-4097-8E2F-3A063EFF32FD}.Debug|Any CPU.Build.0 = Debug|Any CPU
		{C3887A93-B2BD-4097-8E2F-3A063EFF32FD}.Release|Any CPU.ActiveCfg = Release|Any CPU
		{C3887A93-B2BD-4097-8E2F-3A063EFF32FD}.Release|Any CPU.Build.0 = Release|Any CPU
		{C93D746E-1586-4D4F-B411-BF5A966E6A08}.Debug|Any CPU.ActiveCfg = Debug|Any CPU
		{C93D746E-1586-4D4F-B411-BF5A966E6A08}.Debug|Any CPU.Build.0 = Debug|Any CPU
		{C93D746E-1586-4D4F-B411-BF5A966E6A08}.Release|Any CPU.ActiveCfg = Release|Any CPU
		{C93D746E-1586-4D4F-B411-BF5A966E6A08}.Release|Any CPU.Build.0 = Release|Any CPU
		{E325E707-DC6A-4227-9B4F-9A42703D39CD}.Debug|Any CPU.ActiveCfg = Debug|Any CPU
		{E325E707-DC6A-4227-9B4F-9A42703D39CD}.Debug|Any CPU.Build.0 = Debug|Any CPU
		{E325E707-DC6A-4227-9B4F-9A42703D39CD}.Release|Any CPU.ActiveCfg = Release|Any CPU
		{E325E707-DC6A-4227-9B4F-9A42703D39CD}.Release|Any CPU.Build.0 = Release|Any CPU
		{E95833C9-90AA-4366-9262-0A1BED148249}.Debug|Any CPU.ActiveCfg = Debug|Any CPU
		{E95833C9-90AA-4366-9262-0A1BED148249}.Debug|Any CPU.Build.0 = Debug|Any CPU
		{E95833C9-90AA-4366-9262-0A1BED148249}.Release|Any CPU.ActiveCfg = Release|Any CPU
		{E95833C9-90AA-4366-9262-0A1BED148249}.Release|Any CPU.Build.0 = Release|Any CPU
		{FA8374B9-9E2A-40CE-9291-640419E64301}.Debug|Any CPU.ActiveCfg = Debug|Any CPU
		{FA8374B9-9E2A-40CE-9291-640419E64301}.Debug|Any CPU.Build.0 = Debug|Any CPU
		{FA8374B9-9E2A-40CE-9291-640419E64301}.Release|Any CPU.ActiveCfg = Release|Any CPU
		{FA8374B9-9E2A-40CE-9291-640419E64301}.Release|Any CPU.Build.0 = Release|Any CPU
		{172FB0F2-E117-4683-BF50-A09586FAC974}.Debug|Any CPU.ActiveCfg = Debug|Any CPU
		{172FB0F2-E117-4683-BF50-A09586FAC974}.Debug|Any CPU.Build.0 = Debug|Any CPU
		{172FB0F2-E117-4683-BF50-A09586FAC974}.Debug|Any CPU.ActiveCfg = Debug|Any CPU
		{172FB0F2-E117-4683-BF50-A09586FAC974}.Debug|Any CPU.Build.0 = Debug|Any CPU
		{172FB0F2-E117-4683-BF50-A09586FAC974}.Release|Any CPU.ActiveCfg = Release|Any CPU
		{172FB0F2-E117-4683-BF50-A09586FAC974}.Release|Any CPU.Build.0 = Release|Any CPU
		{172FB0F2-E117-4683-BF50-A09586FAC974}.Release|Any CPU.ActiveCfg = Release|Any CPU
		{172FB0F2-E117-4683-BF50-A09586FAC974}.Release|Any CPU.Build.0 = Release|Any CPU
		{807FF4FD-9214-421D-93FD-A9B45A153681}.Debug|Any CPU.ActiveCfg = Debug|Any CPU
		{807FF4FD-9214-421D-93FD-A9B45A153681}.Debug|Any CPU.Build.0 = Debug|Any CPU
		{807FF4FD-9214-421D-93FD-A9B45A153681}.Debug|Any CPU.ActiveCfg = Debug|Any CPU
		{807FF4FD-9214-421D-93FD-A9B45A153681}.Debug|Any CPU.Build.0 = Debug|Any CPU
		{807FF4FD-9214-421D-93FD-A9B45A153681}.Release|Any CPU.ActiveCfg = Release|Any CPU
		{807FF4FD-9214-421D-93FD-A9B45A153681}.Release|Any CPU.Build.0 = Release|Any CPU
		{807FF4FD-9214-421D-93FD-A9B45A153681}.Release|Any CPU.ActiveCfg = Release|Any CPU
		{807FF4FD-9214-421D-93FD-A9B45A153681}.Release|Any CPU.Build.0 = Release|Any CPU
		{B133E925-0815-46C5-A9A3-CF5274579CA8}.Debug|Any CPU.ActiveCfg = Debug|Any CPU
		{B133E925-0815-46C5-A9A3-CF5274579CA8}.Debug|Any CPU.Build.0 = Debug|Any CPU
		{B133E925-0815-46C5-A9A3-CF5274579CA8}.Debug|Any CPU.ActiveCfg = Debug|Any CPU
		{B133E925-0815-46C5-A9A3-CF5274579CA8}.Debug|Any CPU.Build.0 = Debug|Any CPU
		{B133E925-0815-46C5-A9A3-CF5274579CA8}.Release|Any CPU.ActiveCfg = Release|Any CPU
		{B133E925-0815-46C5-A9A3-CF5274579CA8}.Release|Any CPU.Build.0 = Release|Any CPU
		{B133E925-0815-46C5-A9A3-CF5274579CA8}.Release|Any CPU.ActiveCfg = Release|Any CPU
		{B133E925-0815-46C5-A9A3-CF5274579CA8}.Release|Any CPU.Build.0 = Release|Any CPU
		{B765C5DD-136F-4A64-8144-E5ACE0458940}.Debug|Any CPU.ActiveCfg = Debug|Any CPU
		{B765C5DD-136F-4A64-8144-E5ACE0458940}.Debug|Any CPU.Build.0 = Debug|Any CPU
		{B765C5DD-136F-4A64-8144-E5ACE0458940}.Debug|Any CPU.ActiveCfg = Debug|Any CPU
		{B765C5DD-136F-4A64-8144-E5ACE0458940}.Debug|Any CPU.Build.0 = Debug|Any CPU
		{B765C5DD-136F-4A64-8144-E5ACE0458940}.Release|Any CPU.ActiveCfg = Release|Any CPU
		{B765C5DD-136F-4A64-8144-E5ACE0458940}.Release|Any CPU.Build.0 = Release|Any CPU
		{B765C5DD-136F-4A64-8144-E5ACE0458940}.Release|Any CPU.ActiveCfg = Release|Any CPU
		{B765C5DD-136F-4A64-8144-E5ACE0458940}.Release|Any CPU.Build.0 = Release|Any CPU
	EndGlobalSection
	GlobalSection(NestedProjects) = preSolution
		{E325E707-DC6A-4227-9B4F-9A42703D39CD} = {514F1046-B17A-47FE-94AE-DEB47946D9D3}
		{1EA39B91-4F52-47DC-8B6F-B9E4EAE4ADE7} = {514F1046-B17A-47FE-94AE-DEB47946D9D3}
		{FA8374B9-9E2A-40CE-9291-640419E64301} = {BD597EAF-725E-45B4-B867-A716EE571F58}
		{21CAD9C8-6364-4076-9F0A-A793CA2C58A5} = {BD597EAF-725E-45B4-B867-A716EE571F58}
		{92494904-35FA-4DC9-BDE9-3A3E87AC49D3} = {21CAD9C8-6364-4076-9F0A-A793CA2C58A5}
		{C3887A93-B2BD-4097-8E2F-3A063EFF32FD} = {21CAD9C8-6364-4076-9F0A-A793CA2C58A5}
		{252117CA-0ABB-4F36-BFC8-DE23A8089BB9} = {21CAD9C8-6364-4076-9F0A-A793CA2C58A5}
		{E95833C9-90AA-4366-9262-0A1BED148249} = {21CAD9C8-6364-4076-9F0A-A793CA2C58A5}
		{3B25FD1F-CEBA-4450-8893-DC330FDB56A7} = {21CAD9C8-6364-4076-9F0A-A793CA2C58A5}
		{C93D746E-1586-4D4F-B411-BF5A966E6A08} = {21CAD9C8-6364-4076-9F0A-A793CA2C58A5}
		{5F8E0511-7210-487F-90A1-EC3E74467617} = {21CAD9C8-6364-4076-9F0A-A793CA2C58A5}
		{B7C1673E-5124-4BE5-8D21-EC8B12F85B6B} = {21CAD9C8-6364-4076-9F0A-A793CA2C58A5}
	EndGlobalSection
EndGlobal
